
Microsoft Visual Studio Solution File, Format Version 12.00
# Visual Studio Version 17
VisualStudioVersion = 17.6.33717.318
MinimumVisualStudioVersion = 10.0.40219.1
Project("{FAE04EC0-301F-11D3-BF4B-00C04F79EFBC}") = "BRIDGES.McNeel.Grasshopper", "BRIDGES.McNeel.Grasshopper\BRIDGES.McNeel.Grasshopper.csproj", "{D0E375DA-1663-4A6B-9F8A-9B921C63FE78}"
EndProject
Global
	GlobalSection(SolutionConfigurationPlatforms) = preSolution
		Debug|Any CPU = Debug|Any CPU
		Release|Any CPU = Release|Any CPU
	EndGlobalSection
	GlobalSection(ProjectConfigurationPlatforms) = postSolution
		{D0E375DA-1663-4A6B-9F8A-9B921C63FE78}.Debug|Any CPU.ActiveCfg = Debug|Any CPU
		{D0E375DA-1663-4A6B-9F8A-9B921C63FE78}.Debug|Any CPU.Build.0 = Debug|Any CPU
		{D0E375DA-1663-4A6B-9F8A-9B921C63FE78}.Release|Any CPU.ActiveCfg = Release|Any CPU
		{D0E375DA-1663-4A6B-9F8A-9B921C63FE78}.Release|Any CPU.Build.0 = Release|Any CPU
	EndGlobalSection
	GlobalSection(SolutionProperties) = preSolution
		HideSolutionNode = FALSE
	EndGlobalSection
	GlobalSection(ExtensibilityGlobals) = postSolution
		SolutionGuid = {9EFE1A0A-15FB-4A6C-A342-D018AEE3541A}
	EndGlobalSection
EndGlobal
